
Microsoft Visual Studio Solution File, Format Version 12.00
# Visual Studio Version 16
VisualStudioVersion = 16.0.30114.105
MinimumVisualStudioVersion = 10.0.40219.1
Project("{FAE04EC0-301F-11D3-BF4B-00C04F79EFBC}") = "R5T.D0081.Base", "R5T.D0081.Base\R5T.D0081.Base.csproj", "{08FEEAEC-2094-4435-AD70-B5D1889EFF04}"
EndProject
Project("{FAE04EC0-301F-11D3-BF4B-00C04F79EFBC}") = "R5T.D0081.Construction", "R5T.D0081.Construction\R5T.D0081.Construction.csproj", "{83AFBD97-40B1-4B52-81E7-BE08038869B1}"
EndProject
Project("{FAE04EC0-301F-11D3-BF4B-00C04F79EFBC}") = "R5T.D0081.I001", "R5T.D0081.I001\R5T.D0081.I001.csproj", "{CCA02AB3-0865-4104-B591-DF4922C5D6B9}"
EndProject
Project("{2150E333-8FDC-42A3-9474-1A3956D46DE8}") = "_Dependencies", "_Dependencies", "{95ED1582-43A1-489A-A936-9AFBC52C5A70}"
EndProject
Project("{FAE04EC0-301F-11D3-BF4B-00C04F79EFBC}") = "R5T.T0064", "..\..\R5T.T0064\source\R5T.T0064\R5T.T0064.csproj", "{A64489E1-B8E7-42E5-BC19-6395C6ACF908}"
EndProject
Global
	GlobalSection(SolutionConfigurationPlatforms) = preSolution
		Debug|Any CPU = Debug|Any CPU
		Debug|x64 = Debug|x64
		Debug|x86 = Debug|x86
		Release|Any CPU = Release|Any CPU
		Release|x64 = Release|x64
		Release|x86 = Release|x86
	EndGlobalSection
	GlobalSection(SolutionProperties) = preSolution
		HideSolutionNode = FALSE
	EndGlobalSection
	GlobalSection(ProjectConfigurationPlatforms) = postSolution
		{08FEEAEC-2094-4435-AD70-B5D1889EFF04}.Debug|Any CPU.ActiveCfg = Debug|Any CPU
		{08FEEAEC-2094-4435-AD70-B5D1889EFF04}.Debug|Any CPU.Build.0 = Debug|Any CPU
		{08FEEAEC-2094-4435-AD70-B5D1889EFF04}.Debug|x64.ActiveCfg = Debug|Any CPU
		{08FEEAEC-2094-4435-AD70-B5D1889EFF04}.Debug|x64.Build.0 = Debug|Any CPU
		{08FEEAEC-2094-4435-AD70-B5D1889EFF04}.Debug|x86.ActiveCfg = Debug|Any CPU
		{08FEEAEC-2094-4435-AD70-B5D1889EFF04}.Debug|x86.Build.0 = Debug|Any CPU
		{08FEEAEC-2094-4435-AD70-B5D1889EFF04}.Release|Any CPU.ActiveCfg = Release|Any CPU
		{08FEEAEC-2094-4435-AD70-B5D1889EFF04}.Release|Any CPU.Build.0 = Release|Any CPU
		{08FEEAEC-2094-4435-AD70-B5D1889EFF04}.Release|x64.ActiveCfg = Release|Any CPU
		{08FEEAEC-2094-4435-AD70-B5D1889EFF04}.Release|x64.Build.0 = Release|Any CPU
		{08FEEAEC-2094-4435-AD70-B5D1889EFF04}.Release|x86.ActiveCfg = Release|Any CPU
		{08FEEAEC-2094-4435-AD70-B5D1889EFF04}.Release|x86.Build.0 = Release|Any CPU
		{83AFBD97-40B1-4B52-81E7-BE08038869B1}.Debug|Any CPU.ActiveCfg = Debug|Any CPU
		{83AFBD97-40B1-4B52-81E7-BE08038869B1}.Debug|Any CPU.Build.0 = Debug|Any CPU
		{83AFBD97-40B1-4B52-81E7-BE08038869B1}.Debug|x64.ActiveCfg = Debug|Any CPU
		{83AFBD97-40B1-4B52-81E7-BE08038869B1}.Debug|x64.Build.0 = Debug|Any CPU
		{83AFBD97-40B1-4B52-81E7-BE08038869B1}.Debug|x86.ActiveCfg = Debug|Any CPU
		{83AFBD97-40B1-4B52-81E7-BE08038869B1}.Debug|x86.Build.0 = Debug|Any CPU
		{83AFBD97-40B1-4B52-81E7-BE08038869B1}.Release|Any CPU.ActiveCfg = Release|Any CPU
		{83AFBD97-40B1-4B52-81E7-BE08038869B1}.Release|Any CPU.Build.0 = Release|Any CPU
		{83AFBD97-40B1-4B52-81E7-BE08038869B1}.Release|x64.ActiveCfg = Release|Any CPU
		{83AFBD97-40B1-4B52-81E7-BE08038869B1}.Release|x64.Build.0 = Release|Any CPU
		{83AFBD97-40B1-4B52-81E7-BE08038869B1}.Release|x86.ActiveCfg = Release|Any CPU
		{83AFBD97-40B1-4B52-81E7-BE08038869B1}.Release|x86.Build.0 = Release|Any CPU
		{CCA02AB3-0865-4104-B591-DF4922C5D6B9}.Debug|Any CPU.ActiveCfg = Debug|Any CPU
		{CCA02AB3-0865-4104-B591-DF4922C5D6B9}.Debug|Any CPU.Build.0 = Debug|Any CPU
		{CCA02AB3-0865-4104-B591-DF4922C5D6B9}.Debug|x64.ActiveCfg = Debug|Any CPU
		{CCA02AB3-0865-4104-B591-DF4922C5D6B9}.Debug|x64.Build.0 = Debug|Any CPU
		{CCA02AB3-0865-4104-B591-DF4922C5D6B9}.Debug|x86.ActiveCfg = Debug|Any CPU
		{CCA02AB3-0865-4104-B591-DF4922C5D6B9}.Debug|x86.Build.0 = Debug|Any CPU
		{CCA02AB3-0865-4104-B591-DF4922C5D6B9}.Release|Any CPU.ActiveCfg = Release|Any CPU
		{CCA02AB3-0865-4104-B591-DF4922C5D6B9}.Release|Any CPU.Build.0 = Release|Any CPU
		{CCA02AB3-0865-4104-B591-DF4922C5D6B9}.Release|x64.ActiveCfg = Release|Any CPU
		{CCA02AB3-0865-4104-B591-DF4922C5D6B9}.Release|x64.Build.0 = Release|Any CPU
		{CCA02AB3-0865-4104-B591-DF4922C5D6B9}.Release|x86.ActiveCfg = Release|Any CPU
		{CCA02AB3-0865-4104-B591-DF4922C5D6B9}.Release|x86.Build.0 = Release|Any CPU
		{A64489E1-B8E7-42E5-BC19-6395C6ACF908}.Debug|Any CPU.ActiveCfg = Debug|Any CPU
		{A64489E1-B8E7-42E5-BC19-6395C6ACF908}.Debug|Any CPU.Build.0 = Debug|Any CPU
		{A64489E1-B8E7-42E5-BC19-6395C6ACF908}.Debug|x64.ActiveCfg = Debug|Any CPU
		{A64489E1-B8E7-42E5-BC19-6395C6ACF908}.Debug|x64.Build.0 = Debug|Any CPU
		{A64489E1-B8E7-42E5-BC19-6395C6ACF908}.Debug|x86.ActiveCfg = Debug|Any CPU
		{A64489E1-B8E7-42E5-BC19-6395C6ACF908}.Debug|x86.Build.0 = Debug|Any CPU
		{A64489E1-B8E7-42E5-BC19-6395C6ACF908}.Release|Any CPU.ActiveCfg = Release|Any CPU
		{A64489E1-B8E7-42E5-BC19-6395C6ACF908}.Release|Any CPU.Build.0 = Release|Any CPU
		{A64489E1-B8E7-42E5-BC19-6395C6ACF908}.Release|x64.ActiveCfg = Release|Any CPU
		{A64489E1-B8E7-42E5-BC19-6395C6ACF908}.Release|x64.Build.0 = Release|Any CPU
		{A64489E1-B8E7-42E5-BC19-6395C6ACF908}.Release|x86.ActiveCfg = Release|Any CPU
		{A64489E1-B8E7-42E5-BC19-6395C6ACF908}.Release|x86.Build.0 = Release|Any CPU
	EndGlobalSection
	GlobalSection(NestedProjects) = preSolution
		{A64489E1-B8E7-42E5-BC19-6395C6ACF908} = {95ED1582-43A1-489A-A936-9AFBC52C5A70}
	EndGlobalSection
EndGlobal
