
Microsoft Visual Studio Solution File, Format Version 12.00
# Visual Studio Version 16
VisualStudioVersion = 16.6.30114.105
MinimumVisualStudioVersion = 10.0.40219.1
Project("{9A19103F-16F7-4668-BE54-9A1E7A4F7556}") = "R5T.D0081.Construction", "R5T.D0081.Construction\R5T.D0081.Construction.csproj", "{94E2BB7E-AB50-40FC-9572-3209860FA06C}"
EndProject
Project("{2150E333-8FDC-42A3-9474-1A3956D46DE8}") = "_Dependencies", "_Dependencies", "{D794E9AE-83C0-434A-B022-CA7C7BCC8874}"
EndProject
Project("{9A19103F-16F7-4668-BE54-9A1E7A4F7556}") = "R5T.Magyar", "..\..\R5T.Magyar\source\R5T.Magyar\R5T.Magyar.csproj", "{DA409268-FAE9-4E70-A94F-857D27E4DF43}"
EndProject
Project("{9A19103F-16F7-4668-BE54-9A1E7A4F7556}") = "R5T.D0081.Base", "R5T.D0081.Base\R5T.D0081.Base.csproj", "{48BA6DCF-3BA2-405B-A851-88AB4D6A4289}"
EndProject
Project("{9A19103F-16F7-4668-BE54-9A1E7A4F7556}") = "R5T.D0081.I001", "R5T.D0081.I001\R5T.D0081.I001.csproj", "{1D787849-60A8-4880-9C75-246470CCB6E3}"
EndProject
Project("{9A19103F-16F7-4668-BE54-9A1E7A4F7556}") = "R5T.T0062.X001", "..\..\R5T.T0062\source\R5T.T0062.X001\R5T.T0062.X001.csproj", "{6EC4C3D2-BD5D-4F06-9362-1124DA980DEA}"
EndProject
Project("{9A19103F-16F7-4668-BE54-9A1E7A4F7556}") = "R5T.T0064", "..\..\R5T.T0064\source\R5T.T0064\R5T.T0064.csproj", "{CF064BC6-319D-422E-9337-B1545457EB4B}"
EndProject
Project("{9A19103F-16F7-4668-BE54-9A1E7A4F7556}") = "R5T.T0063", "..\..\R5T.T0063\source\R5T.T0063\R5T.T0063.csproj", "{8C60301C-E24E-48B4-B408-33D8AF3E7EA1}"
EndProject
Project("{9A19103F-16F7-4668-BE54-9A1E7A4F7556}") = "R5T.L0013", "..\..\R5T.L0013\source\R5T.L0013\R5T.L0013.csproj", "{CE327481-C46A-4B57-AF4D-CFFE1324CCEB}"
EndProject
Project("{9A19103F-16F7-4668-BE54-9A1E7A4F7556}") = "R5T.T0062", "..\..\R5T.T0062\source\R5T.T0062\R5T.T0062.csproj", "{D0C2A786-2195-4E8A-8020-1D4C5ECC272A}"
EndProject
Project("{9A19103F-16F7-4668-BE54-9A1E7A4F7556}") = "R5T.T0039.T002", "..\..\R5T.T0039\source\R5T.T0039.T002\R5T.T0039.T002.csproj", "{1C342A01-3D12-4E6B-921D-1200260C4753}"
EndProject
Global
	GlobalSection(SolutionConfigurationPlatforms) = preSolution
		Debug|Any CPU = Debug|Any CPU
		Debug|x64 = Debug|x64
		Debug|x86 = Debug|x86
		Release|Any CPU = Release|Any CPU
		Release|x64 = Release|x64
		Release|x86 = Release|x86
	EndGlobalSection
	GlobalSection(ProjectConfigurationPlatforms) = postSolution
		{94E2BB7E-AB50-40FC-9572-3209860FA06C}.Debug|Any CPU.ActiveCfg = Debug|Any CPU
		{94E2BB7E-AB50-40FC-9572-3209860FA06C}.Debug|Any CPU.Build.0 = Debug|Any CPU
		{94E2BB7E-AB50-40FC-9572-3209860FA06C}.Debug|x64.ActiveCfg = Debug|Any CPU
		{94E2BB7E-AB50-40FC-9572-3209860FA06C}.Debug|x64.Build.0 = Debug|Any CPU
		{94E2BB7E-AB50-40FC-9572-3209860FA06C}.Debug|x86.ActiveCfg = Debug|Any CPU
		{94E2BB7E-AB50-40FC-9572-3209860FA06C}.Debug|x86.Build.0 = Debug|Any CPU
		{94E2BB7E-AB50-40FC-9572-3209860FA06C}.Release|Any CPU.ActiveCfg = Release|Any CPU
		{94E2BB7E-AB50-40FC-9572-3209860FA06C}.Release|Any CPU.Build.0 = Release|Any CPU
		{94E2BB7E-AB50-40FC-9572-3209860FA06C}.Release|x64.ActiveCfg = Release|Any CPU
		{94E2BB7E-AB50-40FC-9572-3209860FA06C}.Release|x64.Build.0 = Release|Any CPU
		{94E2BB7E-AB50-40FC-9572-3209860FA06C}.Release|x86.ActiveCfg = Release|Any CPU
		{94E2BB7E-AB50-40FC-9572-3209860FA06C}.Release|x86.Build.0 = Release|Any CPU
		{DA409268-FAE9-4E70-A94F-857D27E4DF43}.Debug|Any CPU.ActiveCfg = Debug|Any CPU
		{DA409268-FAE9-4E70-A94F-857D27E4DF43}.Debug|Any CPU.Build.0 = Debug|Any CPU
		{DA409268-FAE9-4E70-A94F-857D27E4DF43}.Debug|x64.ActiveCfg = Debug|Any CPU
		{DA409268-FAE9-4E70-A94F-857D27E4DF43}.Debug|x64.Build.0 = Debug|Any CPU
		{DA409268-FAE9-4E70-A94F-857D27E4DF43}.Debug|x86.ActiveCfg = Debug|Any CPU
		{DA409268-FAE9-4E70-A94F-857D27E4DF43}.Debug|x86.Build.0 = Debug|Any CPU
		{DA409268-FAE9-4E70-A94F-857D27E4DF43}.Release|Any CPU.ActiveCfg = Release|Any CPU
		{DA409268-FAE9-4E70-A94F-857D27E4DF43}.Release|Any CPU.Build.0 = Release|Any CPU
		{DA409268-FAE9-4E70-A94F-857D27E4DF43}.Release|x64.ActiveCfg = Release|Any CPU
		{DA409268-FAE9-4E70-A94F-857D27E4DF43}.Release|x64.Build.0 = Release|Any CPU
		{DA409268-FAE9-4E70-A94F-857D27E4DF43}.Release|x86.ActiveCfg = Release|Any CPU
		{DA409268-FAE9-4E70-A94F-857D27E4DF43}.Release|x86.Build.0 = Release|Any CPU
		{48BA6DCF-3BA2-405B-A851-88AB4D6A4289}.Debug|Any CPU.ActiveCfg = Debug|Any CPU
		{48BA6DCF-3BA2-405B-A851-88AB4D6A4289}.Debug|Any CPU.Build.0 = Debug|Any CPU
		{48BA6DCF-3BA2-405B-A851-88AB4D6A4289}.Debug|x64.ActiveCfg = Debug|Any CPU
		{48BA6DCF-3BA2-405B-A851-88AB4D6A4289}.Debug|x64.Build.0 = Debug|Any CPU
		{48BA6DCF-3BA2-405B-A851-88AB4D6A4289}.Debug|x86.ActiveCfg = Debug|Any CPU
		{48BA6DCF-3BA2-405B-A851-88AB4D6A4289}.Debug|x86.Build.0 = Debug|Any CPU
		{48BA6DCF-3BA2-405B-A851-88AB4D6A4289}.Release|Any CPU.ActiveCfg = Release|Any CPU
		{48BA6DCF-3BA2-405B-A851-88AB4D6A4289}.Release|Any CPU.Build.0 = Release|Any CPU
		{48BA6DCF-3BA2-405B-A851-88AB4D6A4289}.Release|x64.ActiveCfg = Release|Any CPU
		{48BA6DCF-3BA2-405B-A851-88AB4D6A4289}.Release|x64.Build.0 = Release|Any CPU
		{48BA6DCF-3BA2-405B-A851-88AB4D6A4289}.Release|x86.ActiveCfg = Release|Any CPU
		{48BA6DCF-3BA2-405B-A851-88AB4D6A4289}.Release|x86.Build.0 = Release|Any CPU
		{1D787849-60A8-4880-9C75-246470CCB6E3}.Debug|Any CPU.ActiveCfg = Debug|Any CPU
		{1D787849-60A8-4880-9C75-246470CCB6E3}.Debug|Any CPU.Build.0 = Debug|Any CPU
		{1D787849-60A8-4880-9C75-246470CCB6E3}.Debug|x64.ActiveCfg = Debug|Any CPU
		{1D787849-60A8-4880-9C75-246470CCB6E3}.Debug|x64.Build.0 = Debug|Any CPU
		{1D787849-60A8-4880-9C75-246470CCB6E3}.Debug|x86.ActiveCfg = Debug|Any CPU
		{1D787849-60A8-4880-9C75-246470CCB6E3}.Debug|x86.Build.0 = Debug|Any CPU
		{1D787849-60A8-4880-9C75-246470CCB6E3}.Release|Any CPU.ActiveCfg = Release|Any CPU
		{1D787849-60A8-4880-9C75-246470CCB6E3}.Release|Any CPU.Build.0 = Release|Any CPU
		{1D787849-60A8-4880-9C75-246470CCB6E3}.Release|x64.ActiveCfg = Release|Any CPU
		{1D787849-60A8-4880-9C75-246470CCB6E3}.Release|x64.Build.0 = Release|Any CPU
		{1D787849-60A8-4880-9C75-246470CCB6E3}.Release|x86.ActiveCfg = Release|Any CPU
		{1D787849-60A8-4880-9C75-246470CCB6E3}.Release|x86.Build.0 = Release|Any CPU
		{6EC4C3D2-BD5D-4F06-9362-1124DA980DEA}.Debug|Any CPU.ActiveCfg = Debug|Any CPU
		{6EC4C3D2-BD5D-4F06-9362-1124DA980DEA}.Debug|Any CPU.Build.0 = Debug|Any CPU
		{6EC4C3D2-BD5D-4F06-9362-1124DA980DEA}.Debug|x64.ActiveCfg = Debug|Any CPU
		{6EC4C3D2-BD5D-4F06-9362-1124DA980DEA}.Debug|x64.Build.0 = Debug|Any CPU
		{6EC4C3D2-BD5D-4F06-9362-1124DA980DEA}.Debug|x86.ActiveCfg = Debug|Any CPU
		{6EC4C3D2-BD5D-4F06-9362-1124DA980DEA}.Debug|x86.Build.0 = Debug|Any CPU
		{6EC4C3D2-BD5D-4F06-9362-1124DA980DEA}.Release|Any CPU.ActiveCfg = Release|Any CPU
		{6EC4C3D2-BD5D-4F06-9362-1124DA980DEA}.Release|Any CPU.Build.0 = Release|Any CPU
		{6EC4C3D2-BD5D-4F06-9362-1124DA980DEA}.Release|x64.ActiveCfg = Release|Any CPU
		{6EC4C3D2-BD5D-4F06-9362-1124DA980DEA}.Release|x64.Build.0 = Release|Any CPU
		{6EC4C3D2-BD5D-4F06-9362-1124DA980DEA}.Release|x86.ActiveCfg = Release|Any CPU
		{6EC4C3D2-BD5D-4F06-9362-1124DA980DEA}.Release|x86.Build.0 = Release|Any CPU
		{CF064BC6-319D-422E-9337-B1545457EB4B}.Debug|Any CPU.ActiveCfg = Debug|Any CPU
		{CF064BC6-319D-422E-9337-B1545457EB4B}.Debug|Any CPU.Build.0 = Debug|Any CPU
		{CF064BC6-319D-422E-9337-B1545457EB4B}.Debug|x64.ActiveCfg = Debug|Any CPU
		{CF064BC6-319D-422E-9337-B1545457EB4B}.Debug|x64.Build.0 = Debug|Any CPU
		{CF064BC6-319D-422E-9337-B1545457EB4B}.Debug|x86.ActiveCfg = Debug|Any CPU
		{CF064BC6-319D-422E-9337-B1545457EB4B}.Debug|x86.Build.0 = Debug|Any CPU
		{CF064BC6-319D-422E-9337-B1545457EB4B}.Release|Any CPU.ActiveCfg = Release|Any CPU
		{CF064BC6-319D-422E-9337-B1545457EB4B}.Release|Any CPU.Build.0 = Release|Any CPU
		{CF064BC6-319D-422E-9337-B1545457EB4B}.Release|x64.ActiveCfg = Release|Any CPU
		{CF064BC6-319D-422E-9337-B1545457EB4B}.Release|x64.Build.0 = Release|Any CPU
		{CF064BC6-319D-422E-9337-B1545457EB4B}.Release|x86.ActiveCfg = Release|Any CPU
		{CF064BC6-319D-422E-9337-B1545457EB4B}.Release|x86.Build.0 = Release|Any CPU
		{8C60301C-E24E-48B4-B408-33D8AF3E7EA1}.Debug|Any CPU.ActiveCfg = Debug|Any CPU
		{8C60301C-E24E-48B4-B408-33D8AF3E7EA1}.Debug|Any CPU.Build.0 = Debug|Any CPU
		{8C60301C-E24E-48B4-B408-33D8AF3E7EA1}.Debug|x64.ActiveCfg = Debug|Any CPU
		{8C60301C-E24E-48B4-B408-33D8AF3E7EA1}.Debug|x64.Build.0 = Debug|Any CPU
		{8C60301C-E24E-48B4-B408-33D8AF3E7EA1}.Debug|x86.ActiveCfg = Debug|Any CPU
		{8C60301C-E24E-48B4-B408-33D8AF3E7EA1}.Debug|x86.Build.0 = Debug|Any CPU
		{8C60301C-E24E-48B4-B408-33D8AF3E7EA1}.Release|Any CPU.ActiveCfg = Release|Any CPU
		{8C60301C-E24E-48B4-B408-33D8AF3E7EA1}.Release|Any CPU.Build.0 = Release|Any CPU
		{8C60301C-E24E-48B4-B408-33D8AF3E7EA1}.Release|x64.ActiveCfg = Release|Any CPU
		{8C60301C-E24E-48B4-B408-33D8AF3E7EA1}.Release|x64.Build.0 = Release|Any CPU
		{8C60301C-E24E-48B4-B408-33D8AF3E7EA1}.Release|x86.ActiveCfg = Release|Any CPU
		{8C60301C-E24E-48B4-B408-33D8AF3E7EA1}.Release|x86.Build.0 = Release|Any CPU
		{CE327481-C46A-4B57-AF4D-CFFE1324CCEB}.Debug|Any CPU.ActiveCfg = Debug|Any CPU
		{CE327481-C46A-4B57-AF4D-CFFE1324CCEB}.Debug|Any CPU.Build.0 = Debug|Any CPU
		{CE327481-C46A-4B57-AF4D-CFFE1324CCEB}.Debug|x64.ActiveCfg = Debug|Any CPU
		{CE327481-C46A-4B57-AF4D-CFFE1324CCEB}.Debug|x64.Build.0 = Debug|Any CPU
		{CE327481-C46A-4B57-AF4D-CFFE1324CCEB}.Debug|x86.ActiveCfg = Debug|Any CPU
		{CE327481-C46A-4B57-AF4D-CFFE1324CCEB}.Debug|x86.Build.0 = Debug|Any CPU
		{CE327481-C46A-4B57-AF4D-CFFE1324CCEB}.Release|Any CPU.ActiveCfg = Release|Any CPU
		{CE327481-C46A-4B57-AF4D-CFFE1324CCEB}.Release|Any CPU.Build.0 = Release|Any CPU
		{CE327481-C46A-4B57-AF4D-CFFE1324CCEB}.Release|x64.ActiveCfg = Release|Any CPU
		{CE327481-C46A-4B57-AF4D-CFFE1324CCEB}.Release|x64.Build.0 = Release|Any CPU
		{CE327481-C46A-4B57-AF4D-CFFE1324CCEB}.Release|x86.ActiveCfg = Release|Any CPU
		{CE327481-C46A-4B57-AF4D-CFFE1324CCEB}.Release|x86.Build.0 = Release|Any CPU
		{D0C2A786-2195-4E8A-8020-1D4C5ECC272A}.Debug|Any CPU.ActiveCfg = Debug|Any CPU
		{D0C2A786-2195-4E8A-8020-1D4C5ECC272A}.Debug|Any CPU.Build.0 = Debug|Any CPU
		{D0C2A786-2195-4E8A-8020-1D4C5ECC272A}.Debug|x64.ActiveCfg = Debug|Any CPU
		{D0C2A786-2195-4E8A-8020-1D4C5ECC272A}.Debug|x64.Build.0 = Debug|Any CPU
		{D0C2A786-2195-4E8A-8020-1D4C5ECC272A}.Debug|x86.ActiveCfg = Debug|Any CPU
		{D0C2A786-2195-4E8A-8020-1D4C5ECC272A}.Debug|x86.Build.0 = Debug|Any CPU
		{D0C2A786-2195-4E8A-8020-1D4C5ECC272A}.Release|Any CPU.ActiveCfg = Release|Any CPU
		{D0C2A786-2195-4E8A-8020-1D4C5ECC272A}.Release|Any CPU.Build.0 = Release|Any CPU
		{D0C2A786-2195-4E8A-8020-1D4C5ECC272A}.Release|x64.ActiveCfg = Release|Any CPU
		{D0C2A786-2195-4E8A-8020-1D4C5ECC272A}.Release|x64.Build.0 = Release|Any CPU
		{D0C2A786-2195-4E8A-8020-1D4C5ECC272A}.Release|x86.ActiveCfg = Release|Any CPU
		{D0C2A786-2195-4E8A-8020-1D4C5ECC272A}.Release|x86.Build.0 = Release|Any CPU
		{1C342A01-3D12-4E6B-921D-1200260C4753}.Debug|Any CPU.ActiveCfg = Debug|Any CPU
		{1C342A01-3D12-4E6B-921D-1200260C4753}.Debug|Any CPU.Build.0 = Debug|Any CPU
		{1C342A01-3D12-4E6B-921D-1200260C4753}.Debug|x64.ActiveCfg = Debug|Any CPU
		{1C342A01-3D12-4E6B-921D-1200260C4753}.Debug|x64.Build.0 = Debug|Any CPU
		{1C342A01-3D12-4E6B-921D-1200260C4753}.Debug|x86.ActiveCfg = Debug|Any CPU
		{1C342A01-3D12-4E6B-921D-1200260C4753}.Debug|x86.Build.0 = Debug|Any CPU
		{1C342A01-3D12-4E6B-921D-1200260C4753}.Release|Any CPU.ActiveCfg = Release|Any CPU
		{1C342A01-3D12-4E6B-921D-1200260C4753}.Release|Any CPU.Build.0 = Release|Any CPU
		{1C342A01-3D12-4E6B-921D-1200260C4753}.Release|x64.ActiveCfg = Release|Any CPU
		{1C342A01-3D12-4E6B-921D-1200260C4753}.Release|x64.Build.0 = Release|Any CPU
		{1C342A01-3D12-4E6B-921D-1200260C4753}.Release|x86.ActiveCfg = Release|Any CPU
		{1C342A01-3D12-4E6B-921D-1200260C4753}.Release|x86.Build.0 = Release|Any CPU
	EndGlobalSection
	GlobalSection(SolutionProperties) = preSolution
		HideSolutionNode = FALSE
	EndGlobalSection
	GlobalSection(NestedProjects) = preSolution
		{DA409268-FAE9-4E70-A94F-857D27E4DF43} = {D794E9AE-83C0-434A-B022-CA7C7BCC8874}
		{6EC4C3D2-BD5D-4F06-9362-1124DA980DEA} = {D794E9AE-83C0-434A-B022-CA7C7BCC8874}
		{CF064BC6-319D-422E-9337-B1545457EB4B} = {D794E9AE-83C0-434A-B022-CA7C7BCC8874}
		{8C60301C-E24E-48B4-B408-33D8AF3E7EA1} = {D794E9AE-83C0-434A-B022-CA7C7BCC8874}
		{CE327481-C46A-4B57-AF4D-CFFE1324CCEB} = {D794E9AE-83C0-434A-B022-CA7C7BCC8874}
		{D0C2A786-2195-4E8A-8020-1D4C5ECC272A} = {D794E9AE-83C0-434A-B022-CA7C7BCC8874}
		{1C342A01-3D12-4E6B-921D-1200260C4753} = {D794E9AE-83C0-434A-B022-CA7C7BCC8874}
	EndGlobalSection
	GlobalSection(ExtensibilityGlobals) = postSolution
		SolutionGuid = {1342EA3E-F88B-4807-984C-C0E5ECF4F669}
	EndGlobalSection
EndGlobal
