
Microsoft Visual Studio Solution File, Format Version 12.00
# Visual Studio Version 16
VisualStudioVersion = 16.6.30114.105
MinimumVisualStudioVersion = 10.0.40219.1
Project("{9A19103F-16F7-4668-BE54-9A1E7A4F7556}") = "R5T.D0081.Construction", "R5T.D0081.Construction\R5T.D0081.Construction.csproj", "{94E2BB7E-AB50-40FC-9572-3209860FA06C}"
EndProject
Project("{2150E333-8FDC-42A3-9474-1A3956D46DE8}") = "_Dependencies", "_Dependencies", "{D794E9AE-83C0-434A-B022-CA7C7BCC8874}"
EndProject
Project("{9A19103F-16F7-4668-BE54-9A1E7A4F7556}") = "R5T.Dacia.Extensions", "..\..\R5T.Dacia.Extensions\source\R5T.Dacia.Extensions\R5T.Dacia.Extensions.csproj", "{D3DC9018-1D1F-4D38-8F87-93FD7793906F}"
EndProject
Project("{9A19103F-16F7-4668-BE54-9A1E7A4F7556}") = "R5T.Magyar", "..\..\R5T.Magyar\source\R5T.Magyar\R5T.Magyar.csproj", "{DA409268-FAE9-4E70-A94F-857D27E4DF43}"
EndProject
Project("{9A19103F-16F7-4668-BE54-9A1E7A4F7556}") = "R5T.D0081.Base", "R5T.D0081.Base\R5T.D0081.Base.csproj", "{48BA6DCF-3BA2-405B-A851-88AB4D6A4289}"
EndProject
Project("{9A19103F-16F7-4668-BE54-9A1E7A4F7556}") = "R5T.Dacia", "..\..\R5T.Dacia\source\R5T.Dacia\R5T.Dacia.csproj", "{E47661A1-9B5D-42F0-8AE5-A9D98FEC24DD}"
EndProject
Project("{FAE04EC0-301F-11D3-BF4B-00C04F79EFBC}") = "R5T.D0081.I001", "R5T.D0081.I001\R5T.D0081.I001.csproj", "{1D787849-60A8-4880-9C75-246470CCB6E3}"
EndProject
Global
	GlobalSection(SolutionConfigurationPlatforms) = preSolution
		Debug|Any CPU = Debug|Any CPU
		Debug|x64 = Debug|x64
		Debug|x86 = Debug|x86
		Release|Any CPU = Release|Any CPU
		Release|x64 = Release|x64
		Release|x86 = Release|x86
	EndGlobalSection
	GlobalSection(ProjectConfigurationPlatforms) = postSolution
		{94E2BB7E-AB50-40FC-9572-3209860FA06C}.Debug|Any CPU.ActiveCfg = Debug|Any CPU
		{94E2BB7E-AB50-40FC-9572-3209860FA06C}.Debug|Any CPU.Build.0 = Debug|Any CPU
		{94E2BB7E-AB50-40FC-9572-3209860FA06C}.Debug|x64.ActiveCfg = Debug|Any CPU
		{94E2BB7E-AB50-40FC-9572-3209860FA06C}.Debug|x64.Build.0 = Debug|Any CPU
		{94E2BB7E-AB50-40FC-9572-3209860FA06C}.Debug|x86.ActiveCfg = Debug|Any CPU
		{94E2BB7E-AB50-40FC-9572-3209860FA06C}.Debug|x86.Build.0 = Debug|Any CPU
		{94E2BB7E-AB50-40FC-9572-3209860FA06C}.Release|Any CPU.ActiveCfg = Release|Any CPU
		{94E2BB7E-AB50-40FC-9572-3209860FA06C}.Release|Any CPU.Build.0 = Release|Any CPU
		{94E2BB7E-AB50-40FC-9572-3209860FA06C}.Release|x64.ActiveCfg = Release|Any CPU
		{94E2BB7E-AB50-40FC-9572-3209860FA06C}.Release|x64.Build.0 = Release|Any CPU
		{94E2BB7E-AB50-40FC-9572-3209860FA06C}.Release|x86.ActiveCfg = Release|Any CPU
		{94E2BB7E-AB50-40FC-9572-3209860FA06C}.Release|x86.Build.0 = Release|Any CPU
		{D3DC9018-1D1F-4D38-8F87-93FD7793906F}.Debug|Any CPU.ActiveCfg = Debug|Any CPU
		{D3DC9018-1D1F-4D38-8F87-93FD7793906F}.Debug|Any CPU.Build.0 = Debug|Any CPU
		{D3DC9018-1D1F-4D38-8F87-93FD7793906F}.Debug|x64.ActiveCfg = Debug|Any CPU
		{D3DC9018-1D1F-4D38-8F87-93FD7793906F}.Debug|x64.Build.0 = Debug|Any CPU
		{D3DC9018-1D1F-4D38-8F87-93FD7793906F}.Debug|x86.ActiveCfg = Debug|Any CPU
		{D3DC9018-1D1F-4D38-8F87-93FD7793906F}.Debug|x86.Build.0 = Debug|Any CPU
		{D3DC9018-1D1F-4D38-8F87-93FD7793906F}.Release|Any CPU.ActiveCfg = Release|Any CPU
		{D3DC9018-1D1F-4D38-8F87-93FD7793906F}.Release|Any CPU.Build.0 = Release|Any CPU
		{D3DC9018-1D1F-4D38-8F87-93FD7793906F}.Release|x64.ActiveCfg = Release|Any CPU
		{D3DC9018-1D1F-4D38-8F87-93FD7793906F}.Release|x64.Build.0 = Release|Any CPU
		{D3DC9018-1D1F-4D38-8F87-93FD7793906F}.Release|x86.ActiveCfg = Release|Any CPU
		{D3DC9018-1D1F-4D38-8F87-93FD7793906F}.Release|x86.Build.0 = Release|Any CPU
		{DA409268-FAE9-4E70-A94F-857D27E4DF43}.Debug|Any CPU.ActiveCfg = Debug|Any CPU
		{DA409268-FAE9-4E70-A94F-857D27E4DF43}.Debug|Any CPU.Build.0 = Debug|Any CPU
		{DA409268-FAE9-4E70-A94F-857D27E4DF43}.Debug|x64.ActiveCfg = Debug|Any CPU
		{DA409268-FAE9-4E70-A94F-857D27E4DF43}.Debug|x64.Build.0 = Debug|Any CPU
		{DA409268-FAE9-4E70-A94F-857D27E4DF43}.Debug|x86.ActiveCfg = Debug|Any CPU
		{DA409268-FAE9-4E70-A94F-857D27E4DF43}.Debug|x86.Build.0 = Debug|Any CPU
		{DA409268-FAE9-4E70-A94F-857D27E4DF43}.Release|Any CPU.ActiveCfg = Release|Any CPU
		{DA409268-FAE9-4E70-A94F-857D27E4DF43}.Release|Any CPU.Build.0 = Release|Any CPU
		{DA409268-FAE9-4E70-A94F-857D27E4DF43}.Release|x64.ActiveCfg = Release|Any CPU
		{DA409268-FAE9-4E70-A94F-857D27E4DF43}.Release|x64.Build.0 = Release|Any CPU
		{DA409268-FAE9-4E70-A94F-857D27E4DF43}.Release|x86.ActiveCfg = Release|Any CPU
		{DA409268-FAE9-4E70-A94F-857D27E4DF43}.Release|x86.Build.0 = Release|Any CPU
		{48BA6DCF-3BA2-405B-A851-88AB4D6A4289}.Debug|Any CPU.ActiveCfg = Debug|Any CPU
		{48BA6DCF-3BA2-405B-A851-88AB4D6A4289}.Debug|Any CPU.Build.0 = Debug|Any CPU
		{48BA6DCF-3BA2-405B-A851-88AB4D6A4289}.Debug|x64.ActiveCfg = Debug|Any CPU
		{48BA6DCF-3BA2-405B-A851-88AB4D6A4289}.Debug|x64.Build.0 = Debug|Any CPU
		{48BA6DCF-3BA2-405B-A851-88AB4D6A4289}.Debug|x86.ActiveCfg = Debug|Any CPU
		{48BA6DCF-3BA2-405B-A851-88AB4D6A4289}.Debug|x86.Build.0 = Debug|Any CPU
		{48BA6DCF-3BA2-405B-A851-88AB4D6A4289}.Release|Any CPU.ActiveCfg = Release|Any CPU
		{48BA6DCF-3BA2-405B-A851-88AB4D6A4289}.Release|Any CPU.Build.0 = Release|Any CPU
		{48BA6DCF-3BA2-405B-A851-88AB4D6A4289}.Release|x64.ActiveCfg = Release|Any CPU
		{48BA6DCF-3BA2-405B-A851-88AB4D6A4289}.Release|x64.Build.0 = Release|Any CPU
		{48BA6DCF-3BA2-405B-A851-88AB4D6A4289}.Release|x86.ActiveCfg = Release|Any CPU
		{48BA6DCF-3BA2-405B-A851-88AB4D6A4289}.Release|x86.Build.0 = Release|Any CPU
		{E47661A1-9B5D-42F0-8AE5-A9D98FEC24DD}.Debug|Any CPU.ActiveCfg = Debug|Any CPU
		{E47661A1-9B5D-42F0-8AE5-A9D98FEC24DD}.Debug|Any CPU.Build.0 = Debug|Any CPU
		{E47661A1-9B5D-42F0-8AE5-A9D98FEC24DD}.Debug|x64.ActiveCfg = Debug|Any CPU
		{E47661A1-9B5D-42F0-8AE5-A9D98FEC24DD}.Debug|x64.Build.0 = Debug|Any CPU
		{E47661A1-9B5D-42F0-8AE5-A9D98FEC24DD}.Debug|x86.ActiveCfg = Debug|Any CPU
		{E47661A1-9B5D-42F0-8AE5-A9D98FEC24DD}.Debug|x86.Build.0 = Debug|Any CPU
		{E47661A1-9B5D-42F0-8AE5-A9D98FEC24DD}.Release|Any CPU.ActiveCfg = Release|Any CPU
		{E47661A1-9B5D-42F0-8AE5-A9D98FEC24DD}.Release|Any CPU.Build.0 = Release|Any CPU
		{E47661A1-9B5D-42F0-8AE5-A9D98FEC24DD}.Release|x64.ActiveCfg = Release|Any CPU
		{E47661A1-9B5D-42F0-8AE5-A9D98FEC24DD}.Release|x64.Build.0 = Release|Any CPU
		{E47661A1-9B5D-42F0-8AE5-A9D98FEC24DD}.Release|x86.ActiveCfg = Release|Any CPU
		{E47661A1-9B5D-42F0-8AE5-A9D98FEC24DD}.Release|x86.Build.0 = Release|Any CPU
		{1D787849-60A8-4880-9C75-246470CCB6E3}.Debug|Any CPU.ActiveCfg = Debug|Any CPU
		{1D787849-60A8-4880-9C75-246470CCB6E3}.Debug|Any CPU.Build.0 = Debug|Any CPU
		{1D787849-60A8-4880-9C75-246470CCB6E3}.Debug|x64.ActiveCfg = Debug|Any CPU
		{1D787849-60A8-4880-9C75-246470CCB6E3}.Debug|x64.Build.0 = Debug|Any CPU
		{1D787849-60A8-4880-9C75-246470CCB6E3}.Debug|x86.ActiveCfg = Debug|Any CPU
		{1D787849-60A8-4880-9C75-246470CCB6E3}.Debug|x86.Build.0 = Debug|Any CPU
		{1D787849-60A8-4880-9C75-246470CCB6E3}.Release|Any CPU.ActiveCfg = Release|Any CPU
		{1D787849-60A8-4880-9C75-246470CCB6E3}.Release|Any CPU.Build.0 = Release|Any CPU
		{1D787849-60A8-4880-9C75-246470CCB6E3}.Release|x64.ActiveCfg = Release|Any CPU
		{1D787849-60A8-4880-9C75-246470CCB6E3}.Release|x64.Build.0 = Release|Any CPU
		{1D787849-60A8-4880-9C75-246470CCB6E3}.Release|x86.ActiveCfg = Release|Any CPU
		{1D787849-60A8-4880-9C75-246470CCB6E3}.Release|x86.Build.0 = Release|Any CPU
	EndGlobalSection
	GlobalSection(SolutionProperties) = preSolution
		HideSolutionNode = FALSE
	EndGlobalSection
	GlobalSection(NestedProjects) = preSolution
		{D3DC9018-1D1F-4D38-8F87-93FD7793906F} = {D794E9AE-83C0-434A-B022-CA7C7BCC8874}
		{DA409268-FAE9-4E70-A94F-857D27E4DF43} = {D794E9AE-83C0-434A-B022-CA7C7BCC8874}
		{E47661A1-9B5D-42F0-8AE5-A9D98FEC24DD} = {D794E9AE-83C0-434A-B022-CA7C7BCC8874}
	EndGlobalSection
	GlobalSection(ExtensibilityGlobals) = postSolution
		SolutionGuid = {1342EA3E-F88B-4807-984C-C0E5ECF4F669}
	EndGlobalSection
EndGlobal
